// !$*UTF8*$!
{
	archiveVersion = 1;
	classes = {
	};
	objectVersion = 46;
	objects = {

/* Begin PBXBuildFile section */
		48D685F41C901F9000CC0379 /* main.m in Sources */ = {isa = PBXBuildFile; fileRef = 48D685F31C901F9000CC0379 /* main.m */; };
		48D685FC1C901FD300CC0379 /* Objc.m in Sources */ = {isa = PBXBuildFile; fileRef = 48D685FB1C901FD300CC0379 /* Objc.m */; };
		48D685FF1C9020FE00CC0379 /* Forward.m in Sources */ = {isa = PBXBuildFile; fileRef = 48D685FE1C9020FE00CC0379 /* Forward.m */; };
/* End PBXBuildFile section */

/* Begin PBXCopyFilesBuildPhase section */
		48D685EE1C901F9000CC0379 /* CopyFiles */ = {
			isa = PBXCopyFilesBuildPhase;
			buildActionMask = 2147483647;
			dstPath = /usr/share/man/man1/;
			dstSubfolderSpec = 0;
			files = (
			);
			runOnlyForDeploymentPostprocessing = 1;
		};
/* End PBXCopyFilesBuildPhase section */

/* Begin PBXFileReference section */
		48D685F01C901F9000CC0379 /* OBJCMessage */ = {isa = PBXFileReference; explicitFileType = "compiled.mach-o.executable"; includeInIndex = 0; path = OBJCMessage; sourceTree = BUILT_PRODUCTS_DIR; };
		48D685F31C901F9000CC0379 /* main.m */ = {isa = PBXFileReference; lastKnownFileType = sourcecode.c.objc; path = main.m; sourceTree = "<group>"; };
		48D685FA1C901FD300CC0379 /* Objc.h */ = {isa = PBXFileReference; fileEncoding = 4; lastKnownFileType = sourcecode.c.h; path = Objc.h; sourceTree = "<group>"; };
		48D685FB1C901FD300CC0379 /* Objc.m */ = {isa = PBXFileReference; fileEncoding = 4; lastKnownFileType = sourcecode.c.objc; path = Objc.m; sourceTree = "<group>"; };
		48D685FD1C9020FE00CC0379 /* Forward.h */ = {isa = PBXFileReference; fileEncoding = 4; lastKnownFileType = sourcecode.c.h; path = Forward.h; sourceTree = "<group>"; };
		48D685FE1C9020FE00CC0379 /* Forward.m */ = {isa = PBXFileReference; fileEncoding = 4; lastKnownFileType = sourcecode.c.objc; path = Forward.m; sourceTree = "<group>"; };
/* End PBXFileReference section */

/* Begin PBXFrameworksBuildPhase section */
		48D685ED1C901F9000CC0379 /* Frameworks */ = {
			isa = PBXFrameworksBuildPhase;
			buildActionMask = 2147483647;
			files = (
			);
			runOnlyForDeploymentPostprocessing = 0;
		};
/* End PBXFrameworksBuildPhase section */

/* Begin PBXGroup section */
		48D685E71C901F9000CC0379 = {
			isa = PBXGroup;
			children = (
				48D685F21C901F9000CC0379 /* OBJCMessage */,
				48D685F11C901F9000CC0379 /* Products */,
			);
			sourceTree = "<group>";
		};
		48D685F11C901F9000CC0379 /* Products */ = {
			isa = PBXGroup;
			children = (
				48D685F01C901F9000CC0379 /* OBJCMessage */,
			);
			name = Products;
			sourceTree = "<group>";
		};
		48D685F21C901F9000CC0379 /* OBJCMessage */ = {
			isa = PBXGroup;
			children = (
				48D685F31C901F9000CC0379 /* main.m */,
				48D685FA1C901FD300CC0379 /* Objc.h */,
				48D685FB1C901FD300CC0379 /* Objc.m */,
				48D685FD1C9020FE00CC0379 /* Forward.h */,
				48D685FE1C9020FE00CC0379 /* Forward.m */,
			);
			path = OBJCMessage;
			sourceTree = "<group>";
		};
/* End PBXGroup section */

/* Begin PBXNativeTarget section */
		48D685EF1C901F9000CC0379 /* OBJCMessage */ = {
			isa = PBXNativeTarget;
			buildConfigurationList = 48D685F71C901F9000CC0379 /* Build configuration list for PBXNativeTarget "OBJCMessage" */;
			buildPhases = (
				48D685EC1C901F9000CC0379 /* Sources */,
				48D685ED1C901F9000CC0379 /* Frameworks */,
				48D685EE1C901F9000CC0379 /* CopyFiles */,
			);
			buildRules = (
			);
			dependencies = (
			);
			name = OBJCMessage;
			productName = OBJCMessage;
			productReference = 48D685F01C901F9000CC0379 /* OBJCMessage */;
			productType = "com.apple.product-type.tool";
		};
/* End PBXNativeTarget section */

/* Begin PBXProject section */
		48D685E81C901F9000CC0379 /* Project object */ = {
			isa = PBXProject;
			attributes = {
				LastUpgradeCheck = 0720;
				ORGANIZATIONNAME = qianlongxu;
				TargetAttributes = {
					48D685EF1C901F9000CC0379 = {
						CreatedOnToolsVersion = 7.2;
					};
				};
			};
			buildConfigurationList = 48D685EB1C901F9000CC0379 /* Build configuration list for PBXProject "OBJCMessage" */;
			compatibilityVersion = "Xcode 3.2";
			developmentRegion = English;
			hasScannedForEncodings = 0;
			knownRegions = (
				en,
			);
			mainGroup = 48D685E71C901F9000CC0379;
			productRefGroup = 48D685F11C901F9000CC0379 /* Products */;
			projectDirPath = "";
			projectRoot = "";
			targets = (
				48D685EF1C901F9000CC0379 /* OBJCMessage */,
			);
		};
/* End PBXProject section */

/* Begin PBXSourcesBuildPhase section */
		48D685EC1C901F9000CC0379 /* Sources */ = {
			isa = PBXSourcesBuildPhase;
			buildActionMask = 2147483647;
			files = (
				48D685F41C901F9000CC0379 /* main.m in Sources */,
				48D685FF1C9020FE00CC0379 /* Forward.m in Sources */,
				48D685FC1C901FD300CC0379 /* Objc.m in Sources */,
			);
			runOnlyForDeploymentPostprocessing = 0;
		};
/* End PBXSourcesBuildPhase section */

/* Begin XCBuildConfiguration section */
		48D685F51C901F9000CC0379 /* Debug */ = {
			isa = XCBuildConfiguration;
			buildSettings = {
				ALWAYS_SEARCH_USER_PATHS = NO;
				CLANG_CXX_LANGUAGE_STANDARD = "gnu++0x";
				CLANG_CXX_LIBRARY = "libc++";
				CLANG_ENABLE_MODULES = YES;
				CLANG_ENABLE_OBJC_ARC = YES;
				CLANG_WARN_BOOL_CONVERSION = YES;
				CLANG_WARN_CONSTANT_CONVERSION = YES;
				CLANG_WARN_DIRECT_OBJC_ISA_USAGE = YES_ERROR;
				CLANG_WARN_EMPTY_BODY = YES;
				CLANG_WARN_ENUM_CONVERSION = YES;
				CLANG_WARN_INT_CONVERSION = YES;
				CLANG_WARN_OBJC_ROOT_CLASS = YES_ERROR;
				CLANG_WARN_UNREACHABLE_CODE = YES;
				CLANG_WARN__DUPLICATE_METHOD_MATCH = YES;
				CODE_SIGN_IDENTITY = "-";
				COPY_PHASE_STRIP = NO;
				DEBUG_INFORMATION_FORMAT = dwarf;
				ENABLE_STRICT_OBJC_MSGSEND = YES;
				ENABLE_TESTABILITY = YES;
				GCC_C_LANGUAGE_STANDARD = gnu99;
				GCC_DYNAMIC_NO_PIC = NO;
				GCC_NO_COMMON_BLOCKS = YES;
				GCC_OPTIMIZATION_LEVEL = 0;
				GCC_PREPROCESSOR_DEFINITIONS = (
					"DEBUG=1",
					"$(inherited)",
				);
				GCC_WARN_64_TO_32_BIT_CONVERSION = YES;
				GCC_WARN_ABOUT_RETURN_TYPE = YES_ERROR;
				GCC_WARN_UNDECLARED_SELECTOR = YES;
				GCC_WARN_UNINITIALIZED_AUTOS = YES_AGGRESSIVE;
				GCC_WARN_UNUSED_FUNCTION = YES;
				GCC_WARN_UNUSED_VARIABLE = YES;
				MACOSX_DEPLOYMENT_TARGET = 10.10;
				MTL_ENABLE_DEBUG_INFO = YES;
				ONLY_ACTIVE_ARCH = YES;
				SDKROOT = macosx;
			};
			name = Debug;
		};
		48D685F61C901F9000CC0379 /* Release */ = {
			isa = XCBuildConfiguration;
			buildSettings = {
				ALWAYS_SEARCH_USER_PATHS = NO;
				CLANG_CXX_LANGUAGE_STANDARD = "gnu++0x";
				CLANG_CXX_LIBRARY = "libc++";
				CLANG_ENABLE_MODULES = YES;
				CLANG_ENABLE_OBJC_ARC = YES;
				CLANG_WARN_BOOL_CONVERSION = YES;
				CLANG_WARN_CONSTANT_CONVERSION = YES;
				CLANG_WARN_DIRECT_OBJC_ISA_USAGE = YES_ERROR;
				CLANG_WARN_EMPTY_BODY = YES;
				CLANG_WARN_ENUM_CONVERSION = YES;
				CLANG_WARN_INT_CONVERSION = YES;
				CLANG_WARN_OBJC_ROOT_CLASS = YES_ERROR;
				CLANG_WARN_UNREACHABLE_CODE = YES;
				CLANG_WARN__DUPLICATE_METHOD_MATCH = YES;
				CODE_SIGN_IDENTITY = "-";
				COPY_PHASE_STRIP = NO;
				DEBUG_INFORMATION_FORMAT = "dwarf-with-dsym";
				ENABLE_NS_ASSERTIONS = NO;
				ENABLE_STRICT_OBJC_MSGSEND = YES;
				GCC_C_LANGUAGE_STANDARD = gnu99;
				GCC_NO_COMMON_BLOCKS = YES;
				GCC_WARN_64_TO_32_BIT_CONVERSION = YES;
				GCC_WARN_ABOUT_RETURN_TYPE = YES_ERROR;
				GCC_WARN_UNDECLARED_SELECTOR = YES;
				GCC_WARN_UNINITIALIZED_AUTOS = YES_AGGRESSIVE;
				GCC_WARN_UNUSED_FUNCTION = YES;
				GCC_WARN_UNUSED_VARIABLE = YES;
				MACOSX_DEPLOYMENT_TARGET = 10.10;
				MTL_ENABLE_DEBUG_INFO = NO;
				SDKROOT = macosx;
			};
			name = Release;
		};
		48D685F81C901F9000CC0379 /* Debug */ = {
			isa = XCBuildConfiguration;
			buildSettings = {
				PRODUCT_NAME = "$(TARGET_NAME)";
			};
			name = Debug;
		};
		48D685F91C901F9000CC0379 /* Release */ = {
			isa = XCBuildConfiguration;
			buildSettings = {
				PRODUCT_NAME = "$(TARGET_NAME)";
			};
			name = Release;
		};
/* End XCBuildConfiguration section */

/* Begin XCConfigurationList section */
		48D685EB1C901F9000CC0379 /* Build configuration list for PBXProject "OBJCMessage" */ = {
			isa = XCConfigurationList;
			buildConfigurations = (
				48D685F51C901F9000CC0379 /* Debug */,
				48D685F61C901F9000CC0379 /* Release */,
			);
			defaultConfigurationIsVisible = 0;
			defaultConfigurationName = Release;
		};
		48D685F71C901F9000CC0379 /* Build configuration list for PBXNativeTarget "OBJCMessage" */ = {
			isa = XCConfigurationList;
			buildConfigurations = (
				48D685F81C901F9000CC0379 /* Debug */,
				48D685F91C901F9000CC0379 /* Release */,
			);
			defaultConfigurationIsVisible = 0;
		};
/* End XCConfigurationList section */
	};
	rootObject = 48D685E81C901F9000CC0379 /* Project object */;
}
